[[package]]
name = "cramjam"
version = "2.5.0"
description = "Thin Python bindings to de/compression algorithms in Rust"
category = "main"
optional = false
python-versions = "*"

[[package]]
name = "fastparquet"
version = "0.8.2"
description = "Python support for Parquet file format"
category = "main"
optional = false
python-versions = ">=3.8"

[package.dependencies]
cramjam = ">=2.3.0"
fsspec = "*"
numpy = ">=1.18"
packaging = "*"
pandas = ">=1.1.0"

[package.extras]
lzo = ["python-lzo"]

[[package]]
name = "fsspec"
version = "2022.7.1"
description = "File-system specification"
category = "main"
optional = false
python-versions = ">=3.7"

[package.extras]
abfs = ["adlfs"]
adl = ["adlfs"]
arrow = ["pyarrow (>=1)"]
dask = ["dask", "distributed"]
dropbox = ["dropboxdrivefs", "requests", "dropbox"]
entrypoints = ["importlib-metadata"]
fuse = ["fusepy"]
gcs = ["gcsfs"]
git = ["pygit2"]
github = ["requests"]
gs = ["gcsfs"]
gui = ["panel"]
hdfs = ["pyarrow (>=1)"]
http = ["requests", "aiohttp"]
libarchive = ["libarchive-c"]
oci = ["ocifs"]
s3 = ["s3fs"]
sftp = ["paramiko"]
smb = ["smbprotocol"]
ssh = ["paramiko"]
tqdm = ["tqdm"]

[[package]]
name = "numpy"
version = "1.23.2"
description = "NumPy is the fundamental package for array computing with Python."
category = "main"
optional = false
python-versions = ">=3.8"

[[package]]
name = "packaging"
version = "21.3"
description = "Core utilities for Python packages"
category = "main"
optional = false
python-versions = ">=3.6"

[package.dependencies]
pyparsing = ">=2.0.2,<3.0.5 || >3.0.5"

[[package]]
name = "pandas"
version = "1.4.3"
description = "Powerful data structures for data analysis, time series, and statistics"
category = "main"
optional = false
python-versions = ">=3.8"

[package.dependencies]
numpy = {version = ">=1.21.0", markers = "python_version >= \"3.10\""}
python-dateutil = ">=2.8.1"
pytz = ">=2020.1"

[package.extras]
test = ["pytest-xdist (>=1.31)", "pytest (>=6.0)", "hypothesis (>=5.5.3)"]

[[package]]
name = "pyarrow"
version = "9.0.0"
description = "Python library for Apache Arrow"
category = "main"
optional = false
python-versions = ">=3.7"

[package.dependencies]
numpy = ">=1.16.6"

[[package]]
name = "pyparsing"
version = "3.0.9"
description = "pyparsing module - Classes and methods to define and execute parsing grammars"
category = "main"
optional = false
python-versions = ">=3.6.8"

[package.extras]
diagrams = ["railroad-diagrams", "jinja2"]

[[package]]
name = "pyside6"
version = "6.3.1"
description = "Python bindings for the Qt cross-platform application and UI framework"
category = "main"
optional = false
python-versions = "<3.11,>=3.6"

[package.dependencies]
PySide6-Addons = "6.3.1"
PySide6-Essentials = "6.3.1"
shiboken6 = "6.3.1"

[[package]]
name = "pyside6-addons"
version = "6.3.1"
description = "Python bindings for the Qt cross-platform application and UI framework (Addons)"
category = "main"
optional = false
python-versions = "<3.11,>=3.6"

[package.dependencies]
PySide6-Essentials = "6.3.1"
shiboken6 = "6.3.1"

[[package]]
name = "pyside6-essentials"
version = "6.3.1"
description = "Python bindings for the Qt cross-platform application and UI framework (Essentials)"
category = "main"
optional = false
python-versions = "<3.11,>=3.6"

[package.dependencies]
shiboken6 = "6.3.1"

[[package]]
name = "python-dateutil"
version = "2.8.2"
description = "Extensions to the standard Python datetime module"
category = "main"
optional = false
python-versions = "!=3.0.*,!=3.1.*,!=3.2.*,>=2.7"

[package.dependencies]
six = ">=1.5"

[[package]]
name = "pytz"
version = "2022.2.1"
description = "World timezone definitions, modern and historical"
category = "main"
optional = false
python-versions = "*"

[[package]]
name = "shiboken6"
version = "6.3.1"
description = "Python/C++ bindings helper module"
category = "main"
optional = false
python-versions = "<3.11,>=3.6"

[[package]]
name = "six"
version = "1.16.0"
description = "Python 2 and 3 compatibility utilities"
category = "main"
optional = false
python-versions = ">=2.7, !=3.0.*, !=3.1.*, !=3.2.*"

[metadata]
lock-version = "1.1"
python-versions = "3.10"
content-hash = "6faf58b5405e5d200f3c2bf41d007439f415e4c294c42b52ab66e4ed71911a2a"

[metadata.files]
cramjam = [
    {file = "cramjam-2.5.0-cp310-cp310-macosx_10_7_x86_64.whl", hash = "sha256:df76f686f779396f5cada703cd0ab2b5bed16d3d83741ab82bb6b428cf537361"},
    {file = "cramjam-2.5.0-cp310-cp310-macosx_10_9_x86_64.macosx_11_0_arm64.macosx_10_9_universal2.whl", hash = "sha256:fd37e27786f0d3e939ba24ad23eca90a7bfa8359257dec97c90a60e3dd9a9101"},
    {file = "cramjam-2.5.0-cp310-cp310-manylinux_2_17_aarch64.manylinux2014_aarch64.whl", hash = "sha256:2afd306d8e905aa9267b3b23fd1bd9dd572aea2ea20c05c04c0899446f014328"},
    {file = "cramjam-2.5.0-cp310-cp310-manylinux_2_17_armv7l.manylinux2014_armv7l.whl", hash = "sha256:80750e25bc9641813a07169a5f10d1d598177af614b96eab9f3d8b053df65ce4"},
    {file = "cramjam-2.5.0-cp310-cp310-manylinux_2_17_ppc64.manylinux2014_ppc64.whl", hash = "sha256:1993ae4aa69424f9a898cbe66a1f7e59eb8b1d7ee19eca74226c81cc81014004"},
    {file = "cramjam-2.5.0-cp310-cp310-manylinux_2_17_ppc64le.manylinux2014_ppc64le.whl", hash = "sha256:2e5cbad4208232c13cba1c6d8fb33e89fed962052a4096d3637a99477d1fca94"},
    {file = "cramjam-2.5.0-cp310-cp310-manylinux_2_17_s390x.manylinux2014_s390x.whl", hash = "sha256:5408e934b68b4008261fd187938210c2cfc0367c8cd6cf7d7a40e499785dfb44"},
    {file = "cramjam-2.5.0-cp310-cp310-manylinux_2_5_i686.manylinux1_i686.whl", hash = "sha256:db6d9a2f4fd86b8480388f07e8cc18bdb09c4574a5f823e786bbead2b39c5791"},
    {file = "cramjam-2.5.0-cp310-cp310-manylinux_2_5_x86_64.manylinux1_x86_64.whl", hash = "sha256:1881c6959cfa3e806f2679a460443fd138a30569f17ab3f97e2470770292bd43"},
    {file = "cramjam-2.5.0-cp310-none-win32.whl", hash = "sha256:f3c15dd9f14223c1c0851db5414f2066b28d5691b6700165761c9588890cd9c7"},
    {file = "cramjam-2.5.0-cp310-none-win_amd64.whl", hash = "sha256:6e82d689e4294ac10825507b864eff112e42ec71788e85ce2f08025e52b6cec8"},
    {file = "cramjam-2.5.0-cp36-cp36m-macosx_10_7_x86_64.whl", hash = "sha256:600d753b4f4e7dcc27eb39006fbf762cf35f22ea8de5769df1b549a6172a2976"},
    {file = "cramjam-2.5.0-cp36-cp36m-manylinux_2_17_aarch64.manylinux2014_aarch64.whl", hash = "sha256:cf7c72736996b624ccb9396cf98b611a4e462f431eb5a2acd4ded16f46b99b5e"},
    {file = "cramjam-2.5.0-cp36-cp36m-manylinux_2_17_armv7l.manylinux2014_armv7l.whl", hash = "sha256:9dee126fadcc84c17c10f17506bda4416b06a51c2d17e15e0332e1daf6f785c1"},
    {file = "cramjam-2.5.0-cp36-cp36m-manylinux_2_17_ppc64.manylinux2014_ppc64.whl", hash = "sha256:6ae248662cbf11a615b5e4114d8d9299f97ecae057d4ae4b2e8b68093883374f"},
    {file = "cramjam-2.5.0-cp36-cp36m-manylinux_2_17_ppc64le.manylinux2014_ppc64le.whl", hash = "sha256:b8da0dc25f915b5ba359138c6145737afdf0d08a7c2aa149b172641cab69ed2c"},
    {file = "cramjam-2.5.0-cp36-cp36m-manylinux_2_17_s390x.manylinux2014_s390x.whl", hash = "sha256:91df54924910d0f8245814402aafd7f27b64b7c0fe8f2c5a49fdc3f95a3d6e0d"},
    {file = "cramjam-2.5.0-cp36-cp36m-manylinux_2_5_i686.manylinux1_i686.whl", hash = "sha256:690059dfdb502dfc1b05550a03a80a3fc0459092f8df983b1f8544657d4c1b9c"},
    {file = "cramjam-2.5.0-cp36-cp36m-manylinux_2_5_x86_64.manylinux1_x86_64.whl", hash = "sha256:87943004513f014d3f289a778defb14e444d75de47beaf875485ef57610828ca"},
    {file = "cramjam-2.5.0-cp36-none-win32.whl", hash = "sha256:0263a818c35731c40ac930dee9fdb4fbb7b999543bc831fa36fdefb8f647f6e9"},
    {file = "cramjam-2.5.0-cp36-none-win_amd64.whl", hash = "sha256:9219251680a700508c8ba3c959b5385976bae7130b7647fb9e17108e0d56b5be"},
    {file = "cramjam-2.5.0-cp37-cp37m-macosx_10_7_x86_64.whl", hash = "sha256:b6091c809f00f4574fc7f1f2c3d987f007f944fb00ff6b91b42a4e8f2343a461"},
    {file = "cramjam-2.5.0-cp37-cp37m-manylinux_2_17_aarch64.manylinux2014_aarch64.whl", hash = "sha256:a03669c2baa037b9b8cec04d1df1ab6f212a060ee133dc3f22aba4334dadd93e"},
    {file = "cramjam-2.5.0-cp37-cp37m-manylinux_2_17_armv7l.manylinux2014_armv7l.whl", hash = "sha256:e325789d668e9c77704dd2aa94111e6bcd164a097ca3301b57b5ff252342809f"},
    {file = "cramjam-2.5.0-cp37-cp37m-manylinux_2_17_ppc64.manylinux2014_ppc64.whl", hash = "sha256:f6ca9bbd6b05b213936b8f6363c8b9920ed5e437f6dd700664fe8f8ed9dce657"},
    {file = "cramjam-2.5.0-cp37-cp37m-manylinux_2_17_ppc64le.manylinux2014_ppc64le.whl", hash = "sha256:c36693f70e1b9fd54e471f55f6cc5a9c9746393ef5053c2c2ebdd652e538188e"},
    {file = "cramjam-2.5.0-cp37-cp37m-manylinux_2_17_s390x.manylinux2014_s390x.whl", hash = "sha256:33b1bde39db56b9828987d7f31e2dd6b55d1ec756cab70e8c7c1118161fff9f4"},
    {file = "cramjam-2.5.0-cp37-cp37m-manylinux_2_5_i686.manylinux1_i686.whl", hash = "sha256:c621cfe107ff81b75d16a1680ef5e768580636dd0539e3ca96e592b7f67eab97"},
    {file = "cramjam-2.5.0-cp37-cp37m-manylinux_2_5_x86_64.manylinux1_x86_64.whl", hash = "sha256:170dd5eb1424ce6f10d0605e20e68dfba533be2d843115d000f6cc716ef5d9bb"},
    {file = "cramjam-2.5.0-cp37-none-win32.whl", hash = "sha256:52f5dd82818975858d79893d578a10b70b15cdf610b9d2dd43bb6db4b57bf19c"},
    {file = "cramjam-2.5.0-cp37-none-win_amd64.whl", hash = "sha256:9cd655fc0b0c42ffcf4ae28848f697000fb5b188b6e1bfeb6e309d40d569278a"},
    {file = "cramjam-2.5.0-cp38-cp38-macosx_10_7_x86_64.whl", hash = "sha256:f478ef311c46bd34315df24e64b0d02452ae4f84386378aa52220a5d7c24d673"},
    {file = "cramjam-2.5.0-cp38-cp38-macosx_10_9_x86_64.macosx_11_0_arm64.macosx_10_9_universal2.whl", hash = "sha256:50e075eb8e1ee741b87560384bb06e5fbc8a5cab4d9c752e3dac6533fd8d748c"},
    {file = "cramjam-2.5.0-cp38-cp38-manylinux_2_17_aarch64.manylinux2014_aarch64.whl", hash = "sha256:9ef373425ea1e60386152f4a6bce9ae817e376ffebe43f4fd566ca52ed76d15b"},
    {file = "cramjam-2.5.0-cp38-cp38-manylinux_2_17_armv7l.manylinux2014_armv7l.whl", hash = "sha256:da0d33e8b678f810e268ac0099fb396863baa6429c07dff1c1d1fbda1b9ae6ea"},
    {file = "cramjam-2.5.0-cp38-cp38-manylinux_2_17_ppc64.manylinux2014_ppc64.whl", hash = "sha256:09945176c09570ee1b536a0c8986708faec34ef3c3856fd30d6b8441cb01cc13"},
    {file = "cramjam-2.5.0-cp38-cp38-manylinux_2_17_ppc64le.manylinux2014_ppc64le.whl", hash = "sha256:c5ee90f2fec4cde3467c2f3e64949f26e50074a093f6ff0fe625f0c1a16f729e"},
    {file = "cramjam-2.5.0-cp38-cp38-manylinux_2_17_s390x.manylinux2014_s390x.whl", hash = "sha256:00588e0140befb274761905aea2b1692675b4d616ceca6d13c871f4703cf1a50"},
    {file = "cramjam-2.5.0-cp38-cp38-manylinux_2_5_i686.manylinux1_i686.whl", hash = "sha256:c497663cb5c2968ffc0131d513788b27e0b7b267179dce0a7bfa998942e72a41"},
    {file = "cramjam-2.5.0-cp38-cp38-manylinux_2_5_x86_64.manylinux1_x86_64.whl", hash = "sha256:5ff9b410fcc79abca2cb789e933bb94ec05c39564044272a2d8e82dd86188e90"},
    {file = "cramjam-2.5.0-cp38-none-win32.whl", hash = "sha256:b3713b1d85f09e58eb4da2116332347c0a63ec810e03fb9a193c2429773efbe9"},
    {file = "cramjam-2.5.0-cp38-none-win_amd64.whl", hash = "sha256:8d547c829eb64a3ea7063acd9c0272386eade5f08f67be18370d4260dd68c731"},
    {file = "cramjam-2.5.0-cp39-cp39-macosx_10_7_x86_64.whl", hash = "sha256:cef535b9f428057f56cbf47b8a669ecd94fdbfda6faf59585ca4f826b09c89c7"},
    {file = "cramjam-2.5.0-cp39-cp39-macosx_10_9_x86_64.macosx_11_0_arm64.macosx_10_9_universal2.whl", hash = "sha256:d8ad518216d198b01da68316607fdeeec44781ba3c5b35d03138957b05064ed0"},
    {file = "cramjam-2.5.0-cp39-cp39-manylinux_2_17_aarch64.manylinux2014_aarch64.whl", hash = "sha256:b7dec7be6dff881aa1337fddaad5a21236210e5b21d6c02be62b099b590de0a3"},
    {file = "cramjam-2.5.0-cp39-cp39-manylinux_2_17_armv7l.manylinux2014_armv7l.whl", hash = "sha256:f71a5204e5f040fb574c12f9e7574f2b65943faa27e5fff08f6f29722d21c460"},
    {file = "cramjam-2.5.0-cp39-cp39-manylinux_2_17_ppc64.manylinux2014_ppc64.whl", hash = "sha256:c4d1b69a83ea673cd322d78078a9aff0dacea56f282a9699c5169393d7e1e83d"},
    {file = "cramjam-2.5.0-cp39-cp39-manylinux_2_17_ppc64le.manylinux2014_ppc64le.whl", hash = "sha256:fb89e89738a1e1d5b55ef07d96f8367e5c1171e26fe8cef4db78bbc59854d269"},
    {file = "cramjam-2.5.0-cp39-cp39-manylinux_2_17_s390x.manylinux2014_s390x.whl", hash = "sha256:babe24f35aef198293bed82ac6406890ab64405be3ec3612f3505e4125e997a2"},
    {file = "cramjam-2.5.0-cp39-cp39-manylinux_2_5_i686.manylinux1_i686.whl", hash = "sha256:4b4159bffa4ea57cc4583c8842174e405443c9459e0ea136819d02d23f0914af"},
    {file = "cramjam-2.5.0-cp39-cp39-manylinux_2_5_x86_64.manylinux1_x86_64.whl", hash = "sha256:21806476ef4fe23b38b3452d4c618690ff5af548bea26c6c44a626e315c4f023"},
    {file = "cramjam-2.5.0-cp39-none-win32.whl", hash = "sha256:afd50c4c0f48f70894e51bee72b0fc63e2ec61bf2ad4880219245ca896739070"},
    {file = "cramjam-2.5.0-cp39-none-win_amd64.whl", hash = "sha256:9dfd967a04a052158296e5d06d9f5705f3bfb86047cf0aa8226ebbea36a578cc"},
    {file = "cramjam-2.5.0-pp36-pypy36_pp73-macosx_10_7_x86_64.whl", hash = "sha256:28d975d59dd8babb68ad08c9e1274e5e933e5fa2a11babe78b7c2effda57518d"},
    {file = "cramjam-2.5.0-pp36-pypy36_pp73-manylinux2010_x86_64.whl", hash = "sha256:8f2b6b0cb76abf069912d64f52fec27c62f2cc392dddecf3bccd0409758d2677"},
    {file = "cramjam-2.5.0-pp37-pypy37_pp73-macosx_10_7_x86_64.whl", hash = "sha256:41eff78c8c5cbd1db03c27891cf931c33fe3cfef640e94ea20b953f460ea46d0"},
    {file = "cramjam-2.5.0-pp37-pypy37_pp73-manylinux2010_x86_64.whl", hash = "sha256:79a1c741c052a35ee256b51201ff5052daf37cbb1271f9ae39ec9a738d6b4f25"},
    {file = "cramjam-2.5.0-pp37-pypy37_pp73-manylinux_2_17_aarch64.manylinux2014_aarch64.whl", hash = "sha256:bcd83b96dbf21e48ba006a8bf0d86f6e9392e578742d7478c2066d562ad8a2b6"},
    {file = "cramjam-2.5.0-pp37-pypy37_pp73-manylinux_2_5_x86_64.manylinux1_x86_64.whl", hash = "sha256:39013a0ed2e99fe3bd0568cf53ad30af16b4a6f10f7e43ab66a48b1f3534a723"},
    {file = "cramjam-2.5.0-pp38-pypy38_pp73-macosx_10_7_x86_64.whl", hash = "sha256:362e55d89af7289a127fba3fdba2d29c71348260b26e013395d2f04e6690983e"},
    {file = "cramjam-2.5.0-pp38-pypy38_pp73-manylinux2010_x86_64.whl", hash = "sha256:6256654cccb7002dfc583d4d428cc4618771d5db2c51a313c330d35a8c3a8952"},
    {file = "cramjam-2.5.0-pp38-pypy38_pp73-manylinux_2_17_aarch64.manylinux2014_aarch64.whl", hash = "sha256:f4f7457e35620832bc24f1192fd8f4b0dbbe1971f07bbe3ee6302b8d1cb53a08"},
    {file = "cramjam-2.5.0-pp38-pypy38_pp73-manylinux_2_5_x86_64.manylinux1_x86_64.whl", hash = "sha256:cf98053f331ea57c4277a163cdbbf471b1ea1153103a0ffd0c61706770e80d37"},
    {file = "cramjam-2.5.0.tar.gz", hash = "sha256:a92c0c2db4c6a3804eaffa253c7ca49f849e7a893a31c902a8123d7c36b2b487"},
]
fastparquet = [
    {file = "fastparquet-0.8.2-cp310-cp310-macosx_10_9_universal2.whl", hash = "sha256:db7948614f31b91dd84fb50690cfc9063706277e7872c95971defb21a5a03665"},
    {file = "fastparquet-0.8.2-cp310-cp310-macosx_11_0_arm64.whl", hash = "sha256:d640b61086d37a4e4a87842c37016eb3609314ed08c75542eac21717b571c6e5"},
    {file = "fastparquet-0.8.2-cp310-cp310-manylinux_2_17_aarch64.manylinux2014_aarch64.whl", hash = "sha256:02dc45a6cb3f2eec16e64f6d2dd6fa1805503753ffb45eef1a787ffa735eee26"},
    {file = "fastparquet-0.8.2-cp310-cp310-manylinux_2_17_x86_64.manylinux2014_x86_64.whl", hash = "sha256:8fbb7ef867d36bd2721a7c8ada1acecc9fa2bd0366e12676b8789340dd09b29d"},
    {file = "fastparquet-0.8.2-cp310-cp310-manylinux_2_5_i686.manylinux1_i686.manylinux_2_17_i686.manylinux2014_i686.whl", hash = "sha256:7f5b7a4a863a96478632d1f2abc2370164c1b5cc354b4ecd487e5bb8b9f27410"},
    {file = "fastparquet-0.8.2-cp310-cp310-musllinux_1_1_i686.whl", hash = "sha256:510d1992edd2570e538dad2a664c4914b6ee52a19ca1b8a05bc964465271948c"},
    {file = "fastparquet-0.8.2-cp310-cp310-musllinux_1_1_x86_64.whl", hash = "sha256:b5bb062e360e4f39b0e6c3b08c2e9575d0a94175c3248bd86ccf633a70b44a22"},
    {file = "fastparquet-0.8.2-cp310-cp310-win_amd64.whl", hash = "sha256:4881a62d07f100db23b8de068478a8cad8d79e4f5b5a2480bb5380a1e2d1d2a7"},
    {file = "fastparquet-0.8.2-cp38-cp38-macosx_10_9_universal2.whl", hash = "sha256:884738dfe26389d05e2e43996b145d0f075210efa2350ac9cdf73b1d8e316056"},
    {file = "fastparquet-0.8.2-cp38-cp38-macosx_10_9_x86_64.whl", hash = "sha256:d73b75acb78ac1bc45702467894ea6f367fa84cd2702aa0b3bfd62f74ca02f38"},
    {file = "fastparquet-0.8.2-cp38-cp38-macosx_11_0_arm64.whl", hash = "sha256:33b92dd866d1769464b642560e5497473c4af173d925ba2572b62f57951211d5"},
    {file = "fastparquet-0.8.2-cp38-cp38-manylinux_2_17_aarch64.manylinux2014_aarch64.whl", hash = "sha256:c479f4cb40ff588b465bb9d7b8a09d582952fb5d57949b3435b23e0ecea7464c"},
    {file = "fastparquet-0.8.2-cp38-cp38-manylinux_2_17_x86_64.manylinux2014_x86_64.whl", hash = "sha256:ab1eb32219764e37efef3903444fe20899f988fd54577e6c81ee5a7b11642516"},
    {file = "fastparquet-0.8.2-cp38-cp38-manylinux_2_5_i686.manylinux1_i686.manylinux_2_17_i686.manylinux2014_i686.whl", hash = "sha256:4e1f27c2a2f9fc60b9736997158d614ac841a70f971b82a6c0a1dcbb6ff6a93d"},
    {file = "fastparquet-0.8.2-cp38-cp38-musllinux_1_1_i686.whl", hash = "sha256:e700cc2768785e36d1469dc604bec0f60d55f25855b08254d4efcde81e8e57a6"},
    {file = "fastparquet-0.8.2-cp38-cp38-musllinux_1_1_x86_64.whl", hash = "sha256:62f2bcf1259b5496a09eb437ef22133f4859429e133a3bbd44b7634814a0d48a"},
    {file = "fastparquet-0.8.2-cp38-cp38-win_amd64.whl", hash = "sha256:e4795811999489963e6af662678526e36d47edef3120f335ae3174755b5cd455"},
    {file = "fastparquet-0.8.2-cp39-cp39-macosx_10_9_universal2.whl", hash = "sha256:c9f9c628cebcd9617392e9d27046d306cf322880119617191e400d3d8a760e77"},
    {file = "fastparquet-0.8.2-cp39-cp39-macosx_11_0_arm64.whl", hash = "sha256:57d1c519c1711300fd0294f051b94d803762783407c8e7875bf30fb318a1400d"},
    {file = "fastparquet-0.8.2-cp39-cp39-manylinux_2_17_aarch64.manylinux2014_aarch64.whl", hash = "sha256:fb547d226a0c4c990447c1574b196aefb9f66acc91fea16e027682a11c0ec91b"},
    {file = "fastparquet-0.8.2-cp39-cp39-manylinux_2_17_x86_64.manylinux2014_x86_64.whl", hash = "sha256:79841acb0d6ef4e58f597d04a6a73161f51d31f28e8540b67f8f4162978a9cb3"},
    {file = "fastparquet-0.8.2-cp39-cp39-manylinux_2_5_i686.manylinux1_i686.manylinux_2_17_i686.manylinux2014_i686.whl", hash = "sha256:3638595fc4671cf2dfa8434c530fb34f5f2c13873fe510277005d03f32f66ab6"},
    {file = "fastparquet-0.8.2-cp39-cp39-musllinux_1_1_i686.whl", hash = "sha256:c2cbb51d4e20453d8e4f0001d382ad7e389023d91b1f2d5f78c3a1dfb5437715"},
    {file = "fastparquet-0.8.2-cp39-cp39-musllinux_1_1_x86_64.whl", hash = "sha256:8cf2d0ab56ab8fb34ca7e1845693df3402da3226e736d64737aab5e0d29e910a"},
    {file = "fastparquet-0.8.2-cp39-cp39-win_amd64.whl", hash = "sha256:f66499b06f1fda18052355c5a089f7dc2541f256424caee3c609d5b7ad140ca4"},
    {file = "fastparquet-0.8.2.tar.gz", hash = "sha256:7f54bb4718b6b360d8c864060b9bab88fd675709d5f3d8bae335aece9cb7fd53"},
]
fsspec = [
    {file = "fsspec-2022.7.1-py3-none-any.whl", hash = "sha256:36c5a8e7c4fc20cf32ef6934ac0a122accc8a593ddc8478d30c3ca4dbbd95500"},
    {file = "fsspec-2022.7.1.tar.gz", hash = "sha256:7f9fb19d811b027b97c4636c6073eb53bc4cbee2d3c4b33fa88b9f26906fd7d7"},
]
numpy = [
    {file = "numpy-1.23.2-cp310-cp310-macosx_10_9_x86_64.whl", hash = "sha256:e603ca1fb47b913942f3e660a15e55a9ebca906857edfea476ae5f0fe9b457d5"},
    {file = "numpy-1.23.2-cp310-cp310-macosx_11_0_arm64.whl", hash = "sha256:633679a472934b1c20a12ed0c9a6c9eb167fbb4cb89031939bfd03dd9dbc62b8"},
    {file = "numpy-1.23.2-cp310-cp310-manylinux_2_17_aarch64.manylinux2014_aarch64.whl", hash = "sha256:17e5226674f6ea79e14e3b91bfbc153fdf3ac13f5cc54ee7bc8fdbe820a32da0"},
    {file = "numpy-1.23.2-cp310-cp310-manylinux_2_17_x86_64.manylinux2014_x86_64.whl", hash = "sha256:bdc02c0235b261925102b1bd586579b7158e9d0d07ecb61148a1799214a4afd5"},
    {file = "numpy-1.23.2-cp310-cp310-win32.whl", hash = "sha256:df28dda02c9328e122661f399f7655cdcbcf22ea42daa3650a26bce08a187450"},
    {file = "numpy-1.23.2-cp310-cp310-win_amd64.whl", hash = "sha256:8ebf7e194b89bc66b78475bd3624d92980fca4e5bb86dda08d677d786fefc414"},
    {file = "numpy-1.23.2-cp311-cp311-macosx_10_9_x86_64.whl", hash = "sha256:dc76bca1ca98f4b122114435f83f1fcf3c0fe48e4e6f660e07996abf2f53903c"},
    {file = "numpy-1.23.2-cp311-cp311-macosx_11_0_arm64.whl", hash = "sha256:ecfdd68d334a6b97472ed032b5b37a30d8217c097acfff15e8452c710e775524"},
    {file = "numpy-1.23.2-cp311-cp311-manylinux_2_17_aarch64.manylinux2014_aarch64.whl", hash = "sha256:5593f67e66dea4e237f5af998d31a43e447786b2154ba1ad833676c788f37cde"},
    {file = "numpy-1.23.2-cp311-cp311-manylinux_2_17_x86_64.manylinux2014_x86_64.whl", hash = "sha256:ac987b35df8c2a2eab495ee206658117e9ce867acf3ccb376a19e83070e69418"},
    {file = "numpy-1.23.2-cp311-cp311-win32.whl", hash = "sha256:d98addfd3c8728ee8b2c49126f3c44c703e2b005d4a95998e2167af176a9e722"},
    {file = "numpy-1.23.2-cp311-cp311-win_amd64.whl", hash = "sha256:8ecb818231afe5f0f568c81f12ce50f2b828ff2b27487520d85eb44c71313b9e"},
    {file = "numpy-1.23.2-cp38-cp38-macosx_10_9_x86_64.whl", hash = "sha256:909c56c4d4341ec8315291a105169d8aae732cfb4c250fbc375a1efb7a844f8f"},
    {file = "numpy-1.23.2-cp38-cp38-macosx_11_0_arm64.whl", hash = "sha256:8247f01c4721479e482cc2f9f7d973f3f47810cbc8c65e38fd1bbd3141cc9842"},
    {file = "numpy-1.23.2-cp38-cp38-manylinux_2_17_aarch64.manylinux2014_aarch64.whl", hash = "sha256:b8b97a8a87cadcd3f94659b4ef6ec056261fa1e1c3317f4193ac231d4df70215"},
    {file = "numpy-1.23.2-cp38-cp38-manylinux_2_17_x86_64.manylinux2014_x86_64.whl", hash = "sha256:bd5b7ccae24e3d8501ee5563e82febc1771e73bd268eef82a1e8d2b4d556ae66"},
    {file = "numpy-1.23.2-cp38-cp38-win32.whl", hash = "sha256:9b83d48e464f393d46e8dd8171687394d39bc5abfe2978896b77dc2604e8635d"},
    {file = "numpy-1.23.2-cp38-cp38-win_amd64.whl", hash = "sha256:dec198619b7dbd6db58603cd256e092bcadef22a796f778bf87f8592b468441d"},
    {file = "numpy-1.23.2-cp39-cp39-macosx_10_9_x86_64.whl", hash = "sha256:4f41f5bf20d9a521f8cab3a34557cd77b6f205ab2116651f12959714494268b0"},
    {file = "numpy-1.23.2-cp39-cp39-macosx_11_0_arm64.whl", hash = "sha256:806cc25d5c43e240db709875e947076b2826f47c2c340a5a2f36da5bb10c58d6"},
    {file = "numpy-1.23.2-cp39-cp39-manylinux_2_17_aarch64.manylinux2014_aarch64.whl", hash = "sha256:8f9d84a24889ebb4c641a9b99e54adb8cab50972f0166a3abc14c3b93163f074"},
    {file = "numpy-1.23.2-cp39-cp39-manylinux_2_17_x86_64.manylinux2014_x86_64.whl", hash = "sha256:c403c81bb8ffb1c993d0165a11493fd4bf1353d258f6997b3ee288b0a48fce77"},
    {file = "numpy-1.23.2-cp39-cp39-win32.whl", hash = "sha256:cf8c6aed12a935abf2e290860af8e77b26a042eb7f2582ff83dc7ed5f963340c"},
    {file = "numpy-1.23.2-cp39-cp39-win_amd64.whl", hash = "sha256:5e28cd64624dc2354a349152599e55308eb6ca95a13ce6a7d5679ebff2962913"},
    {file = "numpy-1.23.2-pp38-pypy38_pp73-macosx_10_9_x86_64.whl", hash = "sha256:806970e69106556d1dd200e26647e9bee5e2b3f1814f9da104a943e8d548ca38"},
    {file = "numpy-1.23.2-pp38-pypy38_pp73-manylinux_2_17_x86_64.manylinux2014_x86_64.whl", hash = "sha256:2bd879d3ca4b6f39b7770829f73278b7c5e248c91d538aab1e506c628353e47f"},
    {file = "numpy-1.23.2-pp38-pypy38_pp73-win_amd64.whl", hash = "sha256:be6b350dfbc7f708d9d853663772a9310783ea58f6035eec649fb9c4371b5389"},
    {file = "numpy-1.23.2.tar.gz", hash = "sha256:b78d00e48261fbbd04aa0d7427cf78d18401ee0abd89c7559bbf422e5b1c7d01"},
]
packaging = [
    {file = "packaging-21.3-py3-none-any.whl", hash = "sha256:ef103e05f519cdc783ae24ea4e2e0f508a9c99b2d4969652eed6a2e1ea5bd522"},
    {file = "packaging-21.3.tar.gz", hash = "sha256:dd47c42927d89ab911e606518907cc2d3a1f38bbd026385970643f9c5b8ecfeb"},
]
pandas = [
    {file = "pandas-1.4.3-cp310-cp310-macosx_10_9_universal2.whl", hash = "sha256:d51674ed8e2551ef7773820ef5dab9322be0828629f2cbf8d1fc31a0c4fed640"},
    {file = "pandas-1.4.3-cp310-cp310-macosx_10_9_x86_64.whl", hash = "sha256:16ad23db55efcc93fa878f7837267973b61ea85d244fc5ff0ccbcfa5638706c5"},
    {file = "pandas-1.4.3-cp310-cp310-macosx_11_0_arm64.whl", hash = "sha256:958a0588149190c22cdebbc0797e01972950c927a11a900fe6c2296f207b1d6f"},
    {file = "pandas-1.4.3-cp310-cp310-manylinux_2_17_aarch64.manylinux2014_aarch64.whl", hash = "sha256:e48fbb64165cda451c06a0f9e4c7a16b534fcabd32546d531b3c240ce2844112"},
    {file = "pandas-1.4.3-cp310-cp310-manylinux_2_17_x86_64.manylinux2014_x86_64.whl", hash = "sha256:6f803320c9da732cc79210d7e8cc5c8019aad512589c910c66529eb1b1818230"},
    {file = "pandas-1.4.3-cp310-cp310-win_amd64.whl", hash = "sha256:2893e923472a5e090c2d5e8db83e8f907364ec048572084c7d10ef93546be6d1"},
    {file = "pandas-1.4.3-cp38-cp38-macosx_10_9_universal2.whl", hash = "sha256:24ea75f47bbd5574675dae21d51779a4948715416413b30614c1e8b480909f81"},
    {file = "pandas-1.4.3-cp38-cp38-macosx_10_9_x86_64.whl", hash = "sha256:d5ebc990bd34f4ac3c73a2724c2dcc9ee7bf1ce6cf08e87bb25c6ad33507e318"},
    {file = "pandas-1.4.3-cp38-cp38-macosx_11_0_arm64.whl", hash = "sha256:d6c0106415ff1a10c326c49bc5dd9ea8b9897a6ca0c8688eb9c30ddec49535ef"},
    {file = "pandas-1.4.3-cp38-cp38-manylinux_2_17_aarch64.manylinux2014_aarch64.whl", hash = "sha256:78b00429161ccb0da252229bcda8010b445c4bf924e721265bec5a6e96a92e92"},
    {file = "pandas-1.4.3-cp38-cp38-manylinux_2_17_x86_64.manylinux2014_x86_64.whl", hash = "sha256:6dfbf16b1ea4f4d0ee11084d9c026340514d1d30270eaa82a9f1297b6c8ecbf0"},
    {file = "pandas-1.4.3-cp38-cp38-win32.whl", hash = "sha256:48350592665ea3cbcd07efc8c12ff12d89be09cd47231c7925e3b8afada9d50d"},
    {file = "pandas-1.4.3-cp38-cp38-win_amd64.whl", hash = "sha256:605d572126eb4ab2eadf5c59d5d69f0608df2bf7bcad5c5880a47a20a0699e3e"},
    {file = "pandas-1.4.3-cp39-cp39-macosx_10_9_universal2.whl", hash = "sha256:a3924692160e3d847e18702bb048dc38e0e13411d2b503fecb1adf0fcf950ba4"},
    {file = "pandas-1.4.3-cp39-cp39-macosx_10_9_x86_64.whl", hash = "sha256:07238a58d7cbc8a004855ade7b75bbd22c0db4b0ffccc721556bab8a095515f6"},
    {file = "pandas-1.4.3-cp39-cp39-macosx_11_0_arm64.whl", hash = "sha256:755679c49460bd0d2f837ab99f0a26948e68fa0718b7e42afbabd074d945bf84"},
    {file = "pandas-1.4.3-cp39-cp39-manylinux_2_17_aarch64.manylinux2014_aarch64.whl", hash = "sha256:41fc406e374590a3d492325b889a2686b31e7a7780bec83db2512988550dadbf"},
    {file = "pandas-1.4.3-cp39-cp39-manylinux_2_17_x86_64.manylinux2014_x86_64.whl", hash = "sha256:1d9382f72a4f0e93909feece6fef5500e838ce1c355a581b3d8f259839f2ea76"},
    {file = "pandas-1.4.3-cp39-cp39-win32.whl", hash = "sha256:0daf876dba6c622154b2e6741f29e87161f844e64f84801554f879d27ba63c0d"},
    {file = "pandas-1.4.3-cp39-cp39-win_amd64.whl", hash = "sha256:721a3dd2f06ef942f83a819c0f3f6a648b2830b191a72bbe9451bcd49c3bd42e"},
    {file = "pandas-1.4.3.tar.gz", hash = "sha256:2ff7788468e75917574f080cd4681b27e1a7bf36461fe968b49a87b5a54d007c"},
]
pyarrow = [
    {file = "pyarrow-9.0.0-cp310-cp310-macosx_10_13_universal2.whl", hash = "sha256:767cafb14278165ad539a2918c14c1b73cf20689747c21375c38e3fe62884902"},
    {file = "pyarrow-9.0.0-cp310-cp310-macosx_10_13_x86_64.whl", hash = "sha256:0238998dc692efcb4e41ae74738d7c1234723271ccf520bd8312dca07d49ef8d"},
    {file = "pyarrow-9.0.0-cp310-cp310-macosx_10_9_x86_64.whl", hash = "sha256:55328348b9139c2b47450d512d716c2248fd58e2f04e2fc23a65e18726666d42"},
    {file = "pyarrow-9.0.0-cp310-cp310-macosx_11_0_arm64.whl", hash = "sha256:fc856628acd8d281652c15b6268ec7f27ebcb015abbe99d9baad17f02adc51f1"},
    {file = "pyarrow-9.0.0-cp310-cp310-manylinux_2_17_aarch64.manylinux2014_aarch64.whl", hash = "sha256:29eb3e086e2b26202f3a4678316b93cfb15d0e2ba20f3ec12db8fd9cc07cde63"},
    {file = "pyarrow-9.0.0-cp310-cp310-manylinux_2_17_x86_64.manylinux2014_x86_64.whl", hash = "sha256:2e753f8fcf07d8e3a0efa0c8bd51fef5c90281ffd4c5637c08ce42cd0ac297de"},
    {file = "pyarrow-9.0.0-cp310-cp310-win_amd64.whl", hash = "sha256:3eef8a981f45d89de403e81fb83b8119c20824caddf1404274e41a5d66c73806"},
    {file = "pyarrow-9.0.0-cp37-cp37m-macosx_10_13_x86_64.whl", hash = "sha256:7fa56cbd415cef912677270b8e41baad70cde04c6d8a8336eeb2aba85aa93706"},
    {file = "pyarrow-9.0.0-cp37-cp37m-macosx_10_9_x86_64.whl", hash = "sha256:f8c46bde1030d704e2796182286d1c56846552c50a39ad5bf5a20c0d8159fc35"},
    {file = "pyarrow-9.0.0-cp37-cp37m-manylinux_2_17_aarch64.manylinux2014_aarch64.whl", hash = "sha256:8ad430cee28ebc4d6661fc7315747c7a18ae2a74e67498dcb039e1c762a2fb67"},
    {file = "pyarrow-9.0.0-cp37-cp37m-manylinux_2_17_x86_64.manylinux2014_x86_64.whl", hash = "sha256:81a60bb291a964f63b2717fb1b28f6615ffab7e8585322bfb8a6738e6b321282"},
    {file = "pyarrow-9.0.0-cp37-cp37m-win_amd64.whl", hash = "sha256:9cef618159567d5f62040f2b79b1c7b38e3885f4ffad0ec97cd2d86f88b67cef"},
    {file = "pyarrow-9.0.0-cp38-cp38-macosx_10_13_x86_64.whl", hash = "sha256:5526a3bfb404ff6d31d62ea582cf2466c7378a474a99ee04d1a9b05de5264541"},
    {file = "pyarrow-9.0.0-cp38-cp38-macosx_10_9_x86_64.whl", hash = "sha256:da3e0f319509a5881867effd7024099fb06950a0768dad0d6873668bb88cfaba"},
    {file = "pyarrow-9.0.0-cp38-cp38-macosx_11_0_arm64.whl", hash = "sha256:2c715eca2092273dcccf6f08437371e04d112f9354245ba2fbe6c801879450b7"},
    {file = "pyarrow-9.0.0-cp38-cp38-manylinux_2_17_aarch64.manylinux2014_aarch64.whl", hash = "sha256:f11a645a41ee531c3a5edda45dea07c42267f52571f818d388971d33fc7e2d4a"},
    {file = "pyarrow-9.0.0-cp38-cp38-manylinux_2_17_x86_64.manylinux2014_x86_64.whl", hash = "sha256:a5b390bdcfb8c5b900ef543f911cdfec63e88524fafbcc15f83767202a4a2491"},
    {file = "pyarrow-9.0.0-cp38-cp38-win_amd64.whl", hash = "sha256:d9eb04db626fa24fdfb83c00f76679ca0d98728cdbaa0481b6402bf793a290c0"},
    {file = "pyarrow-9.0.0-cp39-cp39-macosx_10_13_universal2.whl", hash = "sha256:4eebdab05afa23d5d5274b24c1cbeb1ba017d67c280f7d39fd8a8f18cbad2ec9"},
    {file = "pyarrow-9.0.0-cp39-cp39-macosx_10_13_x86_64.whl", hash = "sha256:02b820ecd1da02012092c180447de449fc688d0c3f9ff8526ca301cdd60dacd0"},
    {file = "pyarrow-9.0.0-cp39-cp39-macosx_10_9_x86_64.whl", hash = "sha256:92f3977e901db1ef5cba30d6cc1d7942b8d94b910c60f89013e8f7bb86a86eef"},
    {file = "pyarrow-9.0.0-cp39-cp39-macosx_11_0_arm64.whl", hash = "sha256:f241bd488c2705df930eedfe304ada71191dcf67d6b98ceda0cc934fd2a8388e"},
    {file = "pyarrow-9.0.0-cp39-cp39-manylinux_2_17_aarch64.manylinux2014_aarch64.whl", hash = "sha256:1c5a073a930c632058461547e0bc572da1e724b17b6b9eb31a97da13f50cb6e0"},
    {file = "pyarrow-9.0.0-cp39-cp39-manylinux_2_17_x86_64.manylinux2014_x86_64.whl", hash = "sha256:f59bcd5217a3ae1e17870792f82b2ff92df9f3862996e2c78e156c13e56ff62e"},
    {file = "pyarrow-9.0.0-cp39-cp39-win_amd64.whl", hash = "sha256:fe2ce795fa1d95e4e940fe5661c3c58aee7181c730f65ac5dd8794a77228de59"},
    {file = "pyarrow-9.0.0.tar.gz", hash = "sha256:7fb02bebc13ab55573d1ae9bb5002a6d20ba767bf8569b52fce5301d42495ab7"},
]
pyparsing = [
    {file = "pyparsing-3.0.9-py3-none-any.whl", hash = "sha256:5026bae9a10eeaefb61dab2f09052b9f4307d44aee4eda64b309723d8d206bbc"},
    {file = "pyparsing-3.0.9.tar.gz", hash = "sha256:2b020ecf7d21b687f219b71ecad3631f644a47f01403fa1d1036b0c6416d70fb"},
]
pyside6 = [
    {file = "PySide6-6.3.1-cp36-abi3-macosx_10_9_universal2.whl", hash = "sha256:58b824cb41d549a149a17786326f79a2fa46a1ce94e06397e78ea5707757b052"},
    {file = "PySide6-6.3.1-cp36-abi3-manylinux_2_28_x86_64.whl", hash = "sha256:bc749968d641af1c516b6b0e00264bffea9cfc2d56dc04766f36e1a313e93a3a"},
    {file = "PySide6-6.3.1-cp36-abi3-win_amd64.whl", hash = "sha256:947185379c181d5e51b7b6bf2df8d8127c675ea57604d41265c67444d226db26"},
]
pyside6-addons = [
    {file = "PySide6_Addons-6.3.1-cp36-abi3-macosx_10_9_universal2.whl", hash = "sha256:7a6bb180e41a4c599aa0e93d11e60570d0ebc79c197afccd9c227566dad5d5ef"},
    {file = "PySide6_Addons-6.3.1-cp36-abi3-manylinux_2_28_x86_64.whl", hash = "sha256:14f4171b15dbdd7d120dc125c84f2eca53bc197182295bfdfdb3bb95b58a46c7"},
    {file = "PySide6_Addons-6.3.1-cp36-abi3-win_amd64.whl", hash = "sha256:9a933fac75c85bea3a9e31b24926e06b1afebae23cd164f10f2001999ea2692c"},
]
pyside6-essentials = [
    {file = "PySide6_Essentials-6.3.1-cp36-abi3-macosx_10_9_universal2.whl", hash = "sha256:55696693325a2de7bf5b56274b534f191032d218d61a948baa95933f6e642e59"},
    {file = "PySide6_Essentials-6.3.1-cp36-abi3-manylinux_2_28_x86_64.whl", hash = "sha256:e27962beb2cc45fe13a1a1c24a454c3c3c3c3082c4a84bc5dcf6b306979ba013"},
    {file = "PySide6_Essentials-6.3.1-cp36-abi3-win_amd64.whl", hash = "sha256:fa825c5396a5dfedf59635e904239187e2f2225c7f65917d4e973062c9a6b916"},
]
python-dateutil = [
    {file = "python-dateutil-2.8.2.tar.gz", hash = "sha256:0123cacc1627ae19ddf3c27a5de5bd67ee4586fbdd6440d9748f8abb483d3e86"},
    {file = "python_dateutil-2.8.2-py2.py3-none-any.whl", hash = "sha256:961d03dc3453ebbc59dbdea9e4e11c5651520a876d0f4db161e8674aae935da9"},
]
pytz = [
    {file = "pytz-2022.2.1-py2.py3-none-any.whl", hash = "sha256:220f481bdafa09c3955dfbdddb7b57780e9a94f5127e35456a48589b9e0c0197"},
    {file = "pytz-2022.2.1.tar.gz", hash = "sha256:cea221417204f2d1a2aa03ddae3e867921971d0d76f14d87abb4414415bbdcf5"},
]
shiboken6 = [
    {file = "shiboken6-6.3.1-cp36-abi3-macosx_10_9_universal2.whl", hash = "sha256:6393aa330101b098631a88dfb99b6b46794046c7f63b5c1ac93ae2fcef4773ff"},
    {file = "shiboken6-6.3.1-cp36-abi3-manylinux_2_28_x86_64.whl", hash = "sha256:aad9aa8e7ecd3c889cc789e41abf3990101126b5b02edfcf87f1ef331c9dc45a"},
    {file = "shiboken6-6.3.1-cp36-abi3-win_amd64.whl", hash = "sha256:cb9cf4ad858e59237642bf6b8be1fe6f19cb090799ff00e4c2643768d73e8ebe"},
]
six = [
    {file = "six-1.16.0-py2.py3-none-any.whl", hash = "sha256:8abb2f1d86890a2dfb989f9a77cfcfd3e47c2a354b01111771326f8aa26e0254"},
    {file = "six-1.16.0.tar.gz", hash = "sha256:1e61c37477a1626458e36f7b1d82aa5c9b094fa4802892072e49de9c60c4c926"},
]
